
Microsoft Visual Studio Solution File, Format Version 12.00
# Visual Studio Version 16
VisualStudioVersion = 16.0.29519.87
MinimumVisualStudioVersion = 10.0.40219.1
Project("{9A19103F-16F7-4668-BE54-9A1E7A4F7556}") = "netcore-webapi-auth-demo", "netcore-webapi-auth-demo.csproj", "{9BAD9B0B-B9FE-42A8-A660-6AB5619E2FB6}"
EndProject
Global
	GlobalSection(SolutionConfigurationPlatforms) = preSolution
		Debug|Any CPU = Debug|Any CPU
		Release|Any CPU = Release|Any CPU
	EndGlobalSection
	GlobalSection(ProjectConfigurationPlatforms) = postSolution
		{9BAD9B0B-B9FE-42A8-A660-6AB5619E2FB6}.Debug|Any CPU.ActiveCfg = Debug|Any CPU
		{9BAD9B0B-B9FE-42A8-A660-6AB5619E2FB6}.Debug|Any CPU.Build.0 = Debug|Any CPU
		{9BAD9B0B-B9FE-42A8-A660-6AB5619E2FB6}.Release|Any CPU.ActiveCfg = Release|Any CPU
		{9BAD9B0B-B9FE-42A8-A660-6AB5619E2FB6}.Release|Any CPU.Build.0 = Release|Any CPU
	EndGlobalSection
	GlobalSection(SolutionProperties) = preSolution
		HideSolutionNode = FALSE
	EndGlobalSection
	GlobalSection(ExtensibilityGlobals) = postSolution
		SolutionGuid = {FF9536D6-4A22-428E-8E63-8B05BB260AFE}
	EndGlobalSection
EndGlobal
