
Microsoft Visual Studio Solution File, Format Version 12.00
# Visual Studio Version 16
VisualStudioVersion = 16.0.29519.181
MinimumVisualStudioVersion = 10.0.40219.1
Project("{FAE04EC0-301F-11D3-BF4B-00C04F79EFBC}") = "server", "server.csproj", "{D486025E-9B05-490C-8BE9-193A605BA44C}"
EndProject
Global
	GlobalSection(SolutionConfigurationPlatforms) = preSolution
		Debug|Any CPU = Debug|Any CPU
		Release|Any CPU = Release|Any CPU
	EndGlobalSection
	GlobalSection(ProjectConfigurationPlatforms) = postSolution
		{D486025E-9B05-490C-8BE9-193A605BA44C}.Debug|Any CPU.ActiveCfg = Debug|Any CPU
		{D486025E-9B05-490C-8BE9-193A605BA44C}.Debug|Any CPU.Build.0 = Debug|Any CPU
		{D486025E-9B05-490C-8BE9-193A605BA44C}.Release|Any CPU.ActiveCfg = Release|Any CPU
		{D486025E-9B05-490C-8BE9-193A605BA44C}.Release|Any CPU.Build.0 = Release|Any CPU
	EndGlobalSection
	GlobalSection(SolutionProperties) = preSolution
		HideSolutionNode = FALSE
	EndGlobalSection
	GlobalSection(ExtensibilityGlobals) = postSolution
		SolutionGuid = {512F2683-2800-4BEF-A184-F8FDAFDDA8E7}
	EndGlobalSection
EndGlobal
